
Microsoft Visual Studio Solution File, Format Version 12.00
# Visual Studio Version 17
VisualStudioVersion = 17.0.31903.59
MinimumVisualStudioVersion = 10.0.40219.1
Project("{2150E333-8FDC-42A3-9474-1A3956D46DE8}") = "DreamBig.Shortcuts.Results", "DreamBig.Shortcuts.Results", "{72D6B71B-CDDE-44BF-972D-178CEBAD9BA9}"
EndProject
Project("{2150E333-8FDC-42A3-9474-1A3956D46DE8}") = "src", "src", "{7FFB0355-EDE3-4221-9467-01617BD6C884}"
EndProject
Project("{FAE04EC0-301F-11D3-BF4B-00C04F79EFBC}") = "DreamBig.Shortcuts.Results", "DreamBig.Shortcuts.Results\src\DreamBig.Shortcuts.Results\DreamBig.Shortcuts.Results.csproj", "{5992D24B-74AE-4094-8C18-233AE831D16D}"
EndProject
Project("{2150E333-8FDC-42A3-9474-1A3956D46DE8}") = "tests", "tests", "{8D9E8BAC-8088-4BB4-B5C8-09D951585DBB}"
EndProject
Project("{FAE04EC0-301F-11D3-BF4B-00C04F79EFBC}") = "DreamBig.Shortcuts.Results.Tests", "DreamBig.Shortcuts.Results\tests\DreamBig.Shortcuts.Results.Tests\DreamBig.Shortcuts.Results.Tests.csproj", "{953B69E6-DE77-451C-9B57-BE9767665E9C}"
EndProject
Global
	GlobalSection(SolutionConfigurationPlatforms) = preSolution
		Debug|Any CPU = Debug|Any CPU
		Release|Any CPU = Release|Any CPU
	EndGlobalSection
	GlobalSection(SolutionProperties) = preSolution
		HideSolutionNode = FALSE
	EndGlobalSection
	GlobalSection(ProjectConfigurationPlatforms) = postSolution
		{5992D24B-74AE-4094-8C18-233AE831D16D}.Debug|Any CPU.ActiveCfg = Debug|Any CPU
		{5992D24B-74AE-4094-8C18-233AE831D16D}.Debug|Any CPU.Build.0 = Debug|Any CPU
		{5992D24B-74AE-4094-8C18-233AE831D16D}.Release|Any CPU.ActiveCfg = Release|Any CPU
		{5992D24B-74AE-4094-8C18-233AE831D16D}.Release|Any CPU.Build.0 = Release|Any CPU
		{953B69E6-DE77-451C-9B57-BE9767665E9C}.Debug|Any CPU.ActiveCfg = Debug|Any CPU
		{953B69E6-DE77-451C-9B57-BE9767665E9C}.Debug|Any CPU.Build.0 = Debug|Any CPU
		{953B69E6-DE77-451C-9B57-BE9767665E9C}.Release|Any CPU.ActiveCfg = Release|Any CPU
		{953B69E6-DE77-451C-9B57-BE9767665E9C}.Release|Any CPU.Build.0 = Release|Any CPU
	EndGlobalSection
	GlobalSection(NestedProjects) = preSolution
		{7FFB0355-EDE3-4221-9467-01617BD6C884} = {72D6B71B-CDDE-44BF-972D-178CEBAD9BA9}
		{5992D24B-74AE-4094-8C18-233AE831D16D} = {7FFB0355-EDE3-4221-9467-01617BD6C884}
		{8D9E8BAC-8088-4BB4-B5C8-09D951585DBB} = {72D6B71B-CDDE-44BF-972D-178CEBAD9BA9}
		{953B69E6-DE77-451C-9B57-BE9767665E9C} = {8D9E8BAC-8088-4BB4-B5C8-09D951585DBB}
	EndGlobalSection
EndGlobal
